<?xml version="1.0" encoding="utf-8"?>
<Project ToolsVersion="16.0" xmlns="http://schemas.microsoft.com/developer/msbuild/2003">
  <ItemGroup>
    <CustomBuild Include="D:\LearnOpenGL\CpuRayTracingRenderer\CpuRayTracingRenderer\CMakeFiles\84b0a279c80718db5e1b814f027a9ca0\generate.stamp.rule">
      <Filter>CMake Rules</Filter>
    </CustomBuild>
  </ItemGroup>
  <ItemGroup>
    <Filter Include="CMake Rules">
      <UniqueIdentifier>{608A3AA7-3C31-3F03-9BA5-EF7B8F504733}</UniqueIdentifier>
    </Filter>
  </ItemGroup>
</Project>
