
Microsoft Visual Studio Solution File, Format Version 12.00
# Visual Studio Version 16
Project("{8BC9CEB8-8B4A-11D0-8D11-00A0C91BC942}") = "ALL_BUILD", "ALL_BUILD.vcxproj", "{81A2DCBE-398A-34CC-8A51-1A39A1F0BD9A}"
	ProjectSection(ProjectDependencies) = postProject
		{3FC9E0C1-5C5B-30E6-84CF-194C3DF252E9} = {3FC9E0C1-5C5B-30E6-84CF-194C3DF252E9}
		{4FDE14C6-466F-357E-BE06-6D248C4F38D3} = {4FDE14C6-466F-357E-BE06-6D248C4F38D3}
	EndProjectSection
EndProject
Project("{8BC9CEB8-8B4A-11D0-8D11-00A0C91BC942}") = "CpuRayTracingRenderer", "CpuRayTracingRenderer.vcxproj", "{3FC9E0C1-5C5B-30E6-84CF-194C3DF252E9}"
	ProjectSection(ProjectDependencies) = postProject
		{4FDE14C6-466F-357E-BE06-6D248C4F38D3} = {4FDE14C6-466F-357E-BE06-6D248C4F38D3}
	EndProjectSection
EndProject
Project("{8BC9CEB8-8B4A-11D0-8D11-00A0C91BC942}") = "ZERO_CHECK", "ZERO_CHECK.vcxproj", "{4FDE14C6-466F-357E-BE06-6D248C4F38D3}"
	ProjectSection(ProjectDependencies) = postProject
	EndProjectSection
EndProject
Global
	GlobalSection(SolutionConfigurationPlatforms) = preSolution
		Debug|x64 = Debug|x64
		Release|x64 = Release|x64
		MinSizeRel|x64 = MinSizeRel|x64
		RelWithDebInfo|x64 = RelWithDebInfo|x64
	EndGlobalSection
	GlobalSection(ProjectConfigurationPlatforms) = postSolution
		{81A2DCBE-398A-34CC-8A51-1A39A1F0BD9A}.Debug|x64.ActiveCfg = Debug|x64
		{81A2DCBE-398A-34CC-8A51-1A39A1F0BD9A}.Release|x64.ActiveCfg = Release|x64
		{81A2DCBE-398A-34CC-8A51-1A39A1F0BD9A}.MinSizeRel|x64.ActiveCfg = MinSizeRel|x64
		{81A2DCBE-398A-34CC-8A51-1A39A1F0BD9A}.RelWithDebInfo|x64.ActiveCfg = RelWithDebInfo|x64
		{3FC9E0C1-5C5B-30E6-84CF-194C3DF252E9}.Debug|x64.ActiveCfg = Debug|x64
		{3FC9E0C1-5C5B-30E6-84CF-194C3DF252E9}.Debug|x64.Build.0 = Debug|x64
		{3FC9E0C1-5C5B-30E6-84CF-194C3DF252E9}.Release|x64.ActiveCfg = Release|x64
		{3FC9E0C1-5C5B-30E6-84CF-194C3DF252E9}.Release|x64.Build.0 = Release|x64
		{3FC9E0C1-5C5B-30E6-84CF-194C3DF252E9}.MinSizeRel|x64.ActiveCfg = MinSizeRel|x64
		{3FC9E0C1-5C5B-30E6-84CF-194C3DF252E9}.MinSizeRel|x64.Build.0 = MinSizeRel|x64
		{3FC9E0C1-5C5B-30E6-84CF-194C3DF252E9}.RelWithDebInfo|x64.ActiveCfg = RelWithDebInfo|x64
		{3FC9E0C1-5C5B-30E6-84CF-194C3DF252E9}.RelWithDebInfo|x64.Build.0 = RelWithDebInfo|x64
		{4FDE14C6-466F-357E-BE06-6D248C4F38D3}.Debug|x64.ActiveCfg = Debug|x64
		{4FDE14C6-466F-357E-BE06-6D248C4F38D3}.Debug|x64.Build.0 = Debug|x64
		{4FDE14C6-466F-357E-BE06-6D248C4F38D3}.Release|x64.ActiveCfg = Release|x64
		{4FDE14C6-466F-357E-BE06-6D248C4F38D3}.Release|x64.Build.0 = Release|x64
		{4FDE14C6-466F-357E-BE06-6D248C4F38D3}.MinSizeRel|x64.ActiveCfg = MinSizeRel|x64
		{4FDE14C6-466F-357E-BE06-6D248C4F38D3}.MinSizeRel|x64.Build.0 = MinSizeRel|x64
		{4FDE14C6-466F-357E-BE06-6D248C4F38D3}.RelWithDebInfo|x64.ActiveCfg = RelWithDebInfo|x64
		{4FDE14C6-466F-357E-BE06-6D248C4F38D3}.RelWithDebInfo|x64.Build.0 = RelWithDebInfo|x64
	EndGlobalSection
	GlobalSection(ExtensibilityGlobals) = postSolution
		SolutionGuid = {DD2CF9FF-B47C-3E9E-B890-47797BCF049C}
	EndGlobalSection
	GlobalSection(ExtensibilityAddIns) = postSolution
	EndGlobalSection
EndGlobal
